
Microsoft Visual Studio Solution File, Format Version 12.00
# Visual Studio Version 17
VisualStudioVersion = 17.14.36408.4 d17.14
MinimumVisualStudioVersion = 10.0.40219.1
Project("{FAE04EC0-301F-11D3-BF4B-00C04F79EFBC}") = "Capa_Presentacion", "SistemaAutobuses_Final\Capa_Presentacion.csproj", "{10C18A2B-B790-4F8B-8C4E-4044EDF1C31E}"
EndProject
Project("{FAE04EC0-301F-11D3-BF4B-00C04F79EFBC}") = "Capa_AccesoDatos", "Capa_AccesoDatos\Capa_AccesoDatos.csproj", "{9862EA50-7ECE-4578-94E5-3801DFF44E24}"
EndProject
Project("{FAE04EC0-301F-11D3-BF4B-00C04F79EFBC}") = "Capa_negocio", "Capa_negocio\Capa_negocio.csproj", "{3800A4ED-0B60-4A3E-971E-45A03481471D}"
EndProject
Global
	GlobalSection(SolutionConfigurationPlatforms) = preSolution
		Debug|Any CPU = Debug|Any CPU
		Release|Any CPU = Release|Any CPU
	EndGlobalSection
	GlobalSection(ProjectConfigurationPlatforms) = postSolution
		{10C18A2B-B790-4F8B-8C4E-4044EDF1C31E}.Debug|Any CPU.ActiveCfg = Debug|Any CPU
		{10C18A2B-B790-4F8B-8C4E-4044EDF1C31E}.Debug|Any CPU.Build.0 = Debug|Any CPU
		{10C18A2B-B790-4F8B-8C4E-4044EDF1C31E}.Release|Any CPU.ActiveCfg = Release|Any CPU
		{10C18A2B-B790-4F8B-8C4E-4044EDF1C31E}.Release|Any CPU.Build.0 = Release|Any CPU
		{9862EA50-7ECE-4578-94E5-3801DFF44E24}.Debug|Any CPU.ActiveCfg = Debug|Any CPU
		{9862EA50-7ECE-4578-94E5-3801DFF44E24}.Debug|Any CPU.Build.0 = Debug|Any CPU
		{9862EA50-7ECE-4578-94E5-3801DFF44E24}.Release|Any CPU.ActiveCfg = Release|Any CPU
		{9862EA50-7ECE-4578-94E5-3801DFF44E24}.Release|Any CPU.Build.0 = Release|Any CPU
		{3800A4ED-0B60-4A3E-971E-45A03481471D}.Debug|Any CPU.ActiveCfg = Debug|Any CPU
		{3800A4ED-0B60-4A3E-971E-45A03481471D}.Debug|Any CPU.Build.0 = Debug|Any CPU
		{3800A4ED-0B60-4A3E-971E-45A03481471D}.Release|Any CPU.ActiveCfg = Release|Any CPU
		{3800A4ED-0B60-4A3E-971E-45A03481471D}.Release|Any CPU.Build.0 = Release|Any CPU
	EndGlobalSection
	GlobalSection(SolutionProperties) = preSolution
		HideSolutionNode = FALSE
	EndGlobalSection
	GlobalSection(ExtensibilityGlobals) = postSolution
		SolutionGuid = {787C4CD6-260E-4C12-90CE-E508C11A1C53}
	EndGlobalSection
EndGlobal
